
Microsoft Visual Studio Solution File, Format Version 12.00
# Visual Studio Version 17
VisualStudioVersion = 17.3.32901.215
MinimumVisualStudioVersion = 10.0.40219.1
Project("{FAE04EC0-301F-11D3-BF4B-00C04F79EFBC}") = "WorkoutAPI", "WorkoutAPI\WorkoutAPI.csproj", "{0A5CC06D-110D-4C83-87A0-2F426B5D61AB}"
EndProject
Global
	GlobalSection(SolutionConfigurationPlatforms) = preSolution
		Debug|Any CPU = Debug|Any CPU
		Release|Any CPU = Release|Any CPU
	EndGlobalSection
	GlobalSection(ProjectConfigurationPlatforms) = postSolution
		{0A5CC06D-110D-4C83-87A0-2F426B5D61AB}.Debug|Any CPU.ActiveCfg = Debug|Any CPU
		{0A5CC06D-110D-4C83-87A0-2F426B5D61AB}.Debug|Any CPU.Build.0 = Debug|Any CPU
		{0A5CC06D-110D-4C83-87A0-2F426B5D61AB}.Release|Any CPU.ActiveCfg = Release|Any CPU
		{0A5CC06D-110D-4C83-87A0-2F426B5D61AB}.Release|Any CPU.Build.0 = Release|Any CPU
	EndGlobalSection
	GlobalSection(SolutionProperties) = preSolution
		HideSolutionNode = FALSE
	EndGlobalSection
	GlobalSection(ExtensibilityGlobals) = postSolution
		SolutionGuid = {A1EE7EC7-295D-4B4F-9441-4E109A7FF3C2}
	EndGlobalSection
EndGlobal
